lockfileVersion: '9.0'

settings:
  autoInstallPeers: true
  excludeLinksFromLockfile: false

importers:

  .:
    dependencies:
      '@prisma/client':
        specifier: ^7.1.0
        version: 7.1.0

packages:

  '@prisma/client-runtime-utils@7.1.0':
    resolution: {integrity: sha512-39xmeBrNTN40FzF34aJMjfX1PowVCqoT3UKUWBBSP3aXV05NRqGBC3x2wCDs96ti6ZgdiVzqnRDHtbzU8X+lPQ==}

  '@prisma/client@7.1.0':
    resolution: {integrity: sha512-qf7GPYHmS/xybNiSOpzv9wBo+UwqfL2PeyX+08v+KVHDI0AlSCQIh5bBySkH3alu06NX9wy98JEnckhMHoMFfA==}
    engines: {node: ^20.19 || ^22.12 || >=24.0}
    peerDependencies:
      prisma: '*'
      typescript: '>=5.4.0'
    peerDependenciesMeta:
      prisma:
        optional: true
      typescript:
        optional: true

snapshots:

  '@prisma/client-runtime-utils@7.1.0': {}

  '@prisma/client@7.1.0':
    dependencies:
      '@prisma/client-runtime-utils': 7.1.0
